
Microsoft Visual Studio Solution File, Format Version 12.00
# Visual Studio 15
VisualStudioVersion = 15.0.27703.2042
MinimumVisualStudioVersion = 10.0.40219.1
Project("{FAE04EC0-301F-11D3-BF4B-00C04F79EFBC}") = "Lab10", "Lab10\Lab10.csproj", "{74BF7822-8017-42F5-885D-B6E9D038138F}"
EndProject
Project("{FAE04EC0-301F-11D3-BF4B-00C04F79EFBC}") = "Lab10.Library", "Lab10.Library\Lab10.Library.csproj", "{C3A532D1-3DDA-4F44-B612-3B2E6EFFE0B1}"
EndProject
Global
	GlobalSection(SolutionConfigurationPlatforms) = preSolution
		Debug|Any CPU = Debug|Any CPU
		Release|Any CPU = Release|Any CPU
	EndGlobalSection
	GlobalSection(ProjectConfigurationPlatforms) = postSolution
		{74BF7822-8017-42F5-885D-B6E9D038138F}.Debug|Any CPU.ActiveCfg = Debug|Any CPU
		{74BF7822-8017-42F5-885D-B6E9D038138F}.Debug|Any CPU.Build.0 = Debug|Any CPU
		{74BF7822-8017-42F5-885D-B6E9D038138F}.Release|Any CPU.ActiveCfg = Release|Any CPU
		{74BF7822-8017-42F5-885D-B6E9D038138F}.Release|Any CPU.Build.0 = Release|Any CPU
		{C3A532D1-3DDA-4F44-B612-3B2E6EFFE0B1}.Debug|Any CPU.ActiveCfg = Debug|Any CPU
		{C3A532D1-3DDA-4F44-B612-3B2E6EFFE0B1}.Debug|Any CPU.Build.0 = Debug|Any CPU
		{C3A532D1-3DDA-4F44-B612-3B2E6EFFE0B1}.Release|Any CPU.ActiveCfg = Release|Any CPU
		{C3A532D1-3DDA-4F44-B612-3B2E6EFFE0B1}.Release|Any CPU.Build.0 = Release|Any CPU
	EndGlobalSection
	GlobalSection(SolutionProperties) = preSolution
		HideSolutionNode = FALSE
	EndGlobalSection
	GlobalSection(ExtensibilityGlobals) = postSolution
		SolutionGuid = {227A9F43-AC70-4991-9CDA-553F92B262A7}
	EndGlobalSection
EndGlobal
